
Microsoft Visual Studio Solution File, Format Version 12.00
# Visual Studio Version 17
VisualStudioVersion = 17.9.34701.34
MinimumVisualStudioVersion = 10.0.40219.1
Project("{FAE04EC0-301F-11D3-BF4B-00C04F79EFBC}") = "ODataV4Adaptor.Server", "ODataV4Adaptor.Server\ODataV4Adaptor.Server.csproj", "{53EB913B-2392-4C21-9DF3-E8D9DD912A99}"
EndProject
Project("{54A90642-561A-4BB1-A94E-469ADEE60C69}") = "odatav4adaptor.client", "odatav4adaptor.client\odatav4adaptor.client.esproj", "{3D2410F3-9EA0-4D25-8DF0-058BFAD0F839}"
EndProject
Global
	GlobalSection(SolutionConfigurationPlatforms) = preSolution
		Debug|Any CPU = Debug|Any CPU
		Release|Any CPU = Release|Any CPU
	EndGlobalSection
	GlobalSection(ProjectConfigurationPlatforms) = postSolution
		{53EB913B-2392-4C21-9DF3-E8D9DD912A99}.Debug|Any CPU.ActiveCfg = Debug|Any CPU
		{53EB913B-2392-4C21-9DF3-E8D9DD912A99}.Debug|Any CPU.Build.0 = Debug|Any CPU
		{53EB913B-2392-4C21-9DF3-E8D9DD912A99}.Release|Any CPU.ActiveCfg = Release|Any CPU
		{53EB913B-2392-4C21-9DF3-E8D9DD912A99}.Release|Any CPU.Build.0 = Release|Any CPU
		{3D2410F3-9EA0-4D25-8DF0-058BFAD0F839}.Debug|Any CPU.ActiveCfg = Debug|Any CPU
		{3D2410F3-9EA0-4D25-8DF0-058BFAD0F839}.Debug|Any CPU.Build.0 = Debug|Any CPU
		{3D2410F3-9EA0-4D25-8DF0-058BFAD0F839}.Debug|Any CPU.Deploy.0 = Debug|Any CPU
		{3D2410F3-9EA0-4D25-8DF0-058BFAD0F839}.Release|Any CPU.ActiveCfg = Release|Any CPU
		{3D2410F3-9EA0-4D25-8DF0-058BFAD0F839}.Release|Any CPU.Build.0 = Release|Any CPU
		{3D2410F3-9EA0-4D25-8DF0-058BFAD0F839}.Release|Any CPU.Deploy.0 = Release|Any CPU
	EndGlobalSection
	GlobalSection(SolutionProperties) = preSolution
		HideSolutionNode = FALSE
	EndGlobalSection
	GlobalSection(ExtensibilityGlobals) = postSolution
		SolutionGuid = {3544A47E-1760-482A-A640-1155645CBCC9}
	EndGlobalSection
EndGlobal
